# This file is automatically @generated by Cargo.
# It is not intended for manual editing.
version = 4

[[package]]
name = "bitflags"
version = "2.13.1"
source = "registry+https://github.com/rust-lang/crates.io-index"
checksum = "b588b76d00fde79687d7646a9b5bdf3cc0f655e0bbd080335a95d7e96f3587da"

[[package]]
name = "vuma"
version = "0.2.0-alpha.1"
dependencies = [
 "bitflags",
 "vuma-bd",
 "vuma-codegen",
 "vuma-core",
 "vuma-ive",
 "vuma-package",
 "vuma-parser",
 "vuma-scg",
]

[[package]]
name = "vuma-bd"
version = "0.2.0-alpha.1"
dependencies = [
 "vuma-scg",
]

[[package]]
name = "vuma-codegen"
version = "0.2.0-alpha.1"
dependencies = [
 "vuma-scg",
]

[[package]]
name = "vuma-core"
version = "0.2.0-alpha.1"
dependencies = [
 "vuma-bd",
 "vuma-codegen",
 "vuma-ive",
 "vuma-parser",
 "vuma-scg",
]

[[package]]
name = "vuma-ive"
version = "0.2.0-alpha.1"
dependencies = [
 "vuma-bd",
 "vuma-codegen",
 "vuma-scg",
]

[[package]]
name = "vuma-package"
version = "0.2.0-alpha.1"

[[package]]
name = "vuma-parser"
version = "0.2.0-alpha.1"
dependencies = [
 "vuma-scg",
]

[[package]]
name = "vuma-scg"
version = "0.2.0-alpha.1"

[[package]]
name = "vuma-tests"
version = "0.2.0-alpha.1"
dependencies = [
 "vuma",
 "vuma-bd",
 "vuma-codegen",
 "vuma-core",
 "vuma-ive",
 "vuma-parser",
 "vuma-scg",
]
