# This file is automatically @generated by Cargo.
# It is not intended for manual editing.
version = 4

[[package]]
name = "vuma"
version = "0.2.0-alpha.1"
dependencies = [
 "vuma-bd",
 "vuma-codegen",
 "vuma-cor",
 "vuma-core",
 "vuma-ive",
 "vuma-package",
 "vuma-parser",
 "vuma-proof",
 "vuma-scg",
]

[[package]]
name = "vuma-bd"
version = "0.2.0-alpha.1"
dependencies = [
 "vuma-scg",
]

[[package]]
name = "vuma-codegen"
version = "0.2.0-alpha.1"
dependencies = [
 "vuma-scg",
]

[[package]]
name = "vuma-cor"
version = "0.2.0-alpha.1"
dependencies = [
 "vuma-codegen",
 "vuma-scg",
]

[[package]]
name = "vuma-core"
version = "0.2.0-alpha.1"
dependencies = [
 "vuma-bd",
 "vuma-codegen",
 "vuma-cor",
 "vuma-ive",
 "vuma-parser",
 "vuma-proof",
 "vuma-scg",
]

[[package]]
name = "vuma-ive"
version = "0.2.0-alpha.1"
dependencies = [
 "vuma-bd",
 "vuma-codegen",
 "vuma-scg",
]

[[package]]
name = "vuma-package"
version = "0.2.0-alpha.1"

[[package]]
name = "vuma-parser"
version = "0.2.0-alpha.1"
dependencies = [
 "vuma-scg",
]

[[package]]
name = "vuma-proof"
version = "0.2.0-alpha.1"
dependencies = [
 "vuma-scg",
]

[[package]]
name = "vuma-scg"
version = "0.2.0-alpha.1"

[[package]]
name = "vuma-tests"
version = "0.2.0-alpha.1"
dependencies = [
 "vuma",
 "vuma-bd",
 "vuma-codegen",
 "vuma-cor",
 "vuma-core",
 "vuma-ive",
 "vuma-parser",
 "vuma-proof",
 "vuma-scg",
]
