# This file is automatically @generated by Cargo.
# It is not intended for manual editing.
version = 4

[[package]]
name = "bitflags"
version = "2.13.1"
source = "registry+https://github.com/rust-lang/crates.io-index"
checksum = "b588b76d00fde79687d7646a9b5bdf3cc0f655e0bbd080335a95d7e96f3587da"

[[package]]
name = "log"
version = "0.4.33"
source = "registry+https://github.com/rust-lang/crates.io-index"
checksum = "0ceec5bc11778974d1bcb055b18002eba7f4b3518b6a0081b3af5f21666da9ad"

[[package]]
name = "pkg-config"
version = "0.3.33"
source = "registry+https://github.com/rust-lang/crates.io-index"
checksum = "19f132c84eca552bf34cab8ec81f1c1dcc229b811638f9d283dceabe58c5569e"

[[package]]
name = "vuma"
version = "0.2.0-alpha.15"
dependencies = [
 "bitflags",
 "vuma-bd",
 "vuma-codegen",
 "vuma-core",
 "vuma-ive",
 "vuma-package",
 "vuma-parser",
 "vuma-scg",
]

[[package]]
name = "vuma-bd"
version = "0.2.0-alpha.15"
dependencies = [
 "vuma-scg",
]

[[package]]
name = "vuma-codegen"
version = "0.2.0-alpha.15"
dependencies = [
 "vuma-scg",
]

[[package]]
name = "vuma-core"
version = "0.2.0-alpha.15"
dependencies = [
 "vuma-bd",
 "vuma-codegen",
 "vuma-ive",
 "vuma-parser",
 "vuma-scg",
]

[[package]]
name = "vuma-ive"
version = "0.2.0-alpha.15"
dependencies = [
 "vuma-bd",
 "vuma-codegen",
 "vuma-scg",
 "z3",
]

[[package]]
name = "vuma-package"
version = "0.2.0-alpha.15"

[[package]]
name = "vuma-parser"
version = "0.2.0-alpha.15"
dependencies = [
 "vuma-scg",
]

[[package]]
name = "vuma-scg"
version = "0.2.0-alpha.15"

[[package]]
name = "vuma-tests"
version = "0.2.0-alpha.15"
dependencies = [
 "vuma",
 "vuma-bd",
 "vuma-codegen",
 "vuma-core",
 "vuma-ive",
 "vuma-parser",
 "vuma-scg",
]

[[package]]
name = "z3"
version = "0.21.0"
source = "registry+https://github.com/rust-lang/crates.io-index"
checksum = "08975512fd325de2a15eede8ed293b2189c745e0770886fae2b30ae229c5b886"
dependencies = [
 "log",
 "z3-sys",
]

[[package]]
name = "z3-sys"
version = "0.13.0"
source = "registry+https://github.com/rust-lang/crates.io-index"
checksum = "96975839f50a909f6ec19671e5c06d7f0d6fc67287a120e1b010c5f8d91944d6"
dependencies = [
 "pkg-config",
]
